// !$*UTF8*$!
{
	archiveVersion = 1;
	classes = {
	};
	objectVersion = 46;
	objects = {

/* Begin PBXBuildFile section */
		4027865D1D1D3B0800C32BDD /* main.m in Sources */ = {isa = PBXBuildFile; fileRef = 4027865C1D1D3B0800C32BDD /* main.m */; };
		402786601D1D3B0800C32BDD /* AppDelegate.m in Sources */ = {isa = PBXBuildFile; fileRef = 4027865F1D1D3B0800C32BDD /* AppDelegate.m */; };
		402786681D1D3B0800C32BDD /* Assets.xcassets in Resources */ = {isa = PBXBuildFile; fileRef = 402786671D1D3B0800C32BDD /* Assets.xcassets */; };
		4027866B1D1D3B0800C32BDD /* LaunchScreen.storyboard in Resources */ = {isa = PBXBuildFile; fileRef = 402786691D1D3B0800C32BDD /* LaunchScreen.storyboard */; };
		402786761D1D3C7300C32BDD /* MKTagsViewController.m in Sources */ = {isa = PBXBuildFile; fileRef = 402786741D1D3C7300C32BDD /* MKTagsViewController.m */; };
		4027867C1D21356D00C32BDD /* TopicViewController.m in Sources */ = {isa = PBXBuildFile; fileRef = 4027867B1D21356D00C32BDD /* TopicViewController.m */; };
		402786831D23684700C32BDD /* Main.storyboard in Resources */ = {isa = PBXBuildFile; fileRef = 402786821D23684700C32BDD /* Main.storyboard */; };
		4027868C1D237EB200C32BDD /* HomeViewController.m in Sources */ = {isa = PBXBuildFile; fileRef = 4027868B1D237EB200C32BDD /* HomeViewController.m */; };
		402786921D238F0300C32BDD /* TabBarViewController.m in Sources */ = {isa = PBXBuildFile; fileRef = 402786911D238F0300C32BDD /* TabBarViewController.m */; };
		4047B90B1D261EF500EF8782 /* TableViewController.m in Sources */ = {isa = PBXBuildFile; fileRef = 4047B90A1D261EF500EF8782 /* TableViewController.m */; };
/* End PBXBuildFile section */

/* Begin PBXFileReference section */
		402786581D1D3B0800C32BDD /* Example.app */ = {isa = PBXFileReference; explicitFileType = wrapper.application; includeInIndex = 0; path = Example.app; sourceTree = BUILT_PRODUCTS_DIR; };
		4027865C1D1D3B0800C32BDD /* main.m */ = {isa = PBXFileReference; lastKnownFileType = sourcecode.c.objc; path = main.m; sourceTree = "<group>"; };
		4027865E1D1D3B0800C32BDD /* AppDelegate.h */ = {isa = PBXFileReference; lastKnownFileType = sourcecode.c.h; path = AppDelegate.h; sourceTree = "<group>"; };
		4027865F1D1D3B0800C32BDD /* AppDelegate.m */ = {isa = PBXFileReference; lastKnownFileType = sourcecode.c.objc; path = AppDelegate.m; sourceTree = "<group>"; };
		402786671D1D3B0800C32BDD /* Assets.xcassets */ = {isa = PBXFileReference; lastKnownFileType = folder.assetcatalog; path = Assets.xcassets; sourceTree = "<group>"; };
		4027866A1D1D3B0800C32BDD /* Base */ = {isa = PBXFileReference; lastKnownFileType = file.storyboard; name = Base; path = Base.lproj/LaunchScreen.storyboard; sourceTree = "<group>"; };
		4027866C1D1D3B0800C32BDD /* Info.plist */ = {isa = PBXFileReference; lastKnownFileType = text.plist.xml; path = Info.plist; sourceTree = "<group>"; };
		402786731D1D3C7300C32BDD /* MKTagsViewController.h */ = {isa = PBXFileReference; fileEncoding = 4; lastKnownFileType = sourcecode.c.h; path = MKTagsViewController.h; sourceTree = "<group>"; };
		402786741D1D3C7300C32BDD /* MKTagsViewController.m */ = {isa = PBXFileReference; fileEncoding = 4; lastKnownFileType = sourcecode.c.objc; path = MKTagsViewController.m; sourceTree = "<group>"; };
		4027867A1D21356D00C32BDD /* TopicViewController.h */ = {isa = PBXFileReference; fileEncoding = 4; lastKnownFileType = sourcecode.c.h; path = TopicViewController.h; sourceTree = "<group>"; };
		4027867B1D21356D00C32BDD /* TopicViewController.m */ = {isa = PBXFileReference; fileEncoding = 4; lastKnownFileType = sourcecode.c.objc; path = TopicViewController.m; sourceTree = "<group>"; };
		402786821D23684700C32BDD /* Main.storyboard */ = {isa = PBXFileReference; fileEncoding = 4; lastKnownFileType = file.storyboard; path = Main.storyboard; sourceTree = "<group>"; };
		4027868A1D237EB200C32BDD /* HomeViewController.h */ = {isa = PBXFileReference; fileEncoding = 4; lastKnownFileType = sourcecode.c.h; path = HomeViewController.h; sourceTree = "<group>"; };
		4027868B1D237EB200C32BDD /* HomeViewController.m */ = {isa = PBXFileReference; fileEncoding = 4; lastKnownFileType = sourcecode.c.objc; path = HomeViewController.m; sourceTree = "<group>"; };
		402786901D238F0300C32BDD /* TabBarViewController.h */ = {isa = PBXFileReference; fileEncoding = 4; lastKnownFileType = sourcecode.c.h; path = TabBarViewController.h; sourceTree = "<group>"; };
		402786911D238F0300C32BDD /* TabBarViewController.m */ = {isa = PBXFileReference; fileEncoding = 4; lastKnownFileType = sourcecode.c.objc; path = TabBarViewController.m; sourceTree = "<group>"; };
		4047B9091D261EF500EF8782 /* TableViewController.h */ = {isa = PBXFileReference; fileEncoding = 4; lastKnownFileType = sourcecode.c.h; path = TableViewController.h; sourceTree = "<group>"; };
		4047B90A1D261EF500EF8782 /* TableViewController.m */ = {isa = PBXFileReference; fileEncoding = 4; lastKnownFileType = sourcecode.c.objc; path = TableViewController.m; sourceTree = "<group>"; };
/* End PBXFileReference section */

/* Begin PBXFrameworksBuildPhase section */
		402786551D1D3B0800C32BDD /* Frameworks */ = {
			isa = PBXFrameworksBuildPhase;
			buildActionMask = 2147483647;
			files = (
			);
			runOnlyForDeploymentPostprocessing = 0;
		};
/* End PBXFrameworksBuildPhase section */

/* Begin PBXGroup section */
		4027864F1D1D3B0800C32BDD = {
			isa = PBXGroup;
			children = (
				4027865A1D1D3B0800C32BDD /* TagsViewController */,
				402786721D1D3C5C00C32BDD /* Vendor */,
				402786591D1D3B0800C32BDD /* Products */,
			);
			sourceTree = "<group>";
		};
		402786591D1D3B0800C32BDD /* Products */ = {
			isa = PBXGroup;
			children = (
				402786581D1D3B0800C32BDD /* Example.app */,
			);
			name = Products;
			sourceTree = "<group>";
		};
		4027865A1D1D3B0800C32BDD /* TagsViewController */ = {
			isa = PBXGroup;
			children = (
				4027865E1D1D3B0800C32BDD /* AppDelegate.h */,
				4027865F1D1D3B0800C32BDD /* AppDelegate.m */,
				4027868A1D237EB200C32BDD /* HomeViewController.h */,
				4027868B1D237EB200C32BDD /* HomeViewController.m */,
				4027867A1D21356D00C32BDD /* TopicViewController.h */,
				4027867B1D21356D00C32BDD /* TopicViewController.m */,
				402786901D238F0300C32BDD /* TabBarViewController.h */,
				402786911D238F0300C32BDD /* TabBarViewController.m */,
				4047B9091D261EF500EF8782 /* TableViewController.h */,
				4047B90A1D261EF500EF8782 /* TableViewController.m */,
				402786821D23684700C32BDD /* Main.storyboard */,
				402786671D1D3B0800C32BDD /* Assets.xcassets */,
				402786691D1D3B0800C32BDD /* LaunchScreen.storyboard */,
				4027866C1D1D3B0800C32BDD /* Info.plist */,
				4027865B1D1D3B0800C32BDD /* Supporting Files */,
			);
			path = TagsViewController;
			sourceTree = "<group>";
		};
		4027865B1D1D3B0800C32BDD /* Supporting Files */ = {
			isa = PBXGroup;
			children = (
				4027865C1D1D3B0800C32BDD /* main.m */,
			);
			name = "Supporting Files";
			sourceTree = "<group>";
		};
		402786721D1D3C5C00C32BDD /* Vendor */ = {
			isa = PBXGroup;
			children = (
				402786751D1D3C7300C32BDD /* MKTagsViewController */,
			);
			name = Vendor;
			sourceTree = "<group>";
		};
		402786751D1D3C7300C32BDD /* MKTagsViewController */ = {
			isa = PBXGroup;
			children = (
				402786731D1D3C7300C32BDD /* MKTagsViewController.h */,
				402786741D1D3C7300C32BDD /* MKTagsViewController.m */,
			);
			name = MKTagsViewController;
			path = ../MKTagsViewController;
			sourceTree = "<group>";
		};
/* End PBXGroup section */

/* Begin PBXNativeTarget section */
		402786571D1D3B0800C32BDD /* TagsViewController */ = {
			isa = PBXNativeTarget;
			buildConfigurationList = 4027866F1D1D3B0800C32BDD /* Build configuration list for PBXNativeTarget "TagsViewController" */;
			buildPhases = (
				402786541D1D3B0800C32BDD /* Sources */,
				402786551D1D3B0800C32BDD /* Frameworks */,
				402786561D1D3B0800C32BDD /* Resources */,
			);
			buildRules = (
			);
			dependencies = (
			);
			name = TagsViewController;
			productName = TagsViewController;
			productReference = 402786581D1D3B0800C32BDD /* Example.app */;
			productType = "com.apple.product-type.application";
		};
/* End PBXNativeTarget section */

/* Begin PBXProject section */
		402786501D1D3B0800C32BDD /* Project object */ = {
			isa = PBXProject;
			attributes = {
				LastUpgradeCheck = 0730;
				TargetAttributes = {
					402786571D1D3B0800C32BDD = {
						CreatedOnToolsVersion = 7.3.1;
					};
				};
			};
			buildConfigurationList = 402786531D1D3B0800C32BDD /* Build configuration list for PBXProject "Example" */;
			compatibilityVersion = "Xcode 3.2";
			developmentRegion = English;
			hasScannedForEncodings = 0;
			knownRegions = (
				en,
				Base,
			);
			mainGroup = 4027864F1D1D3B0800C32BDD;
			productRefGroup = 402786591D1D3B0800C32BDD /* Products */;
			projectDirPath = "";
			projectRoot = "";
			targets = (
				402786571D1D3B0800C32BDD /* TagsViewController */,
			);
		};
/* End PBXProject section */

/* Begin PBXResourcesBuildPhase section */
		402786561D1D3B0800C32BDD /* Resources */ = {
			isa = PBXResourcesBuildPhase;
			buildActionMask = 2147483647;
			files = (
				402786831D23684700C32BDD /* Main.storyboard in Resources */,
				4027866B1D1D3B0800C32BDD /* LaunchScreen.storyboard in Resources */,
				402786681D1D3B0800C32BDD /* Assets.xcassets in Resources */,
			);
			runOnlyForDeploymentPostprocessing = 0;
		};
/* End PBXResourcesBuildPhase section */

/* Begin PBXSourcesBuildPhase section */
		402786541D1D3B0800C32BDD /* Sources */ = {
			isa = PBXSourcesBuildPhase;
			buildActionMask = 2147483647;
			files = (
				402786601D1D3B0800C32BDD /* AppDelegate.m in Sources */,
				4027865D1D1D3B0800C32BDD /* main.m in Sources */,
				402786921D238F0300C32BDD /* TabBarViewController.m in Sources */,
				4027867C1D21356D00C32BDD /* TopicViewController.m in Sources */,
				4027868C1D237EB200C32BDD /* HomeViewController.m in Sources */,
				4047B90B1D261EF500EF8782 /* TableViewController.m in Sources */,
				402786761D1D3C7300C32BDD /* MKTagsViewController.m in Sources */,
			);
			runOnlyForDeploymentPostprocessing = 0;
		};
/* End PBXSourcesBuildPhase section */

/* Begin PBXVariantGroup section */
		402786691D1D3B0800C32BDD /* LaunchScreen.storyboard */ = {
			isa = PBXVariantGroup;
			children = (
				4027866A1D1D3B0800C32BDD /* Base */,
			);
			name = LaunchScreen.storyboard;
			sourceTree = "<group>";
		};
/* End PBXVariantGroup section */

/* Begin XCBuildConfiguration section */
		4027866D1D1D3B0800C32BDD /* Debug */ = {
			isa = XCBuildConfiguration;
			buildSettings = {
				ALWAYS_SEARCH_USER_PATHS = NO;
				CLANG_ANALYZER_NONNULL = YES;
				CLANG_CXX_LANGUAGE_STANDARD = "gnu++0x";
				CLANG_CXX_LIBRARY = "libc++";
				CLANG_ENABLE_MODULES = YES;
				CLANG_ENABLE_OBJC_ARC = YES;
				CLANG_WARN_BOOL_CONVERSION = YES;
				CLANG_WARN_CONSTANT_CONVERSION = YES;
				CLANG_WARN_DIRECT_OBJC_ISA_USAGE = YES_ERROR;
				CLANG_WARN_EMPTY_BODY = YES;
				CLANG_WARN_ENUM_CONVERSION = YES;
				CLANG_WARN_INT_CONVERSION = YES;
				CLANG_WARN_OBJC_ROOT_CLASS = YES_ERROR;
				CLANG_WARN_UNREACHABLE_CODE = YES;
				CLANG_WARN__DUPLICATE_METHOD_MATCH = YES;
				"CODE_SIGN_IDENTITY[sdk=iphoneos*]" = "iPhone Developer";
				COPY_PHASE_STRIP = NO;
				DEBUG_INFORMATION_FORMAT = dwarf;
				ENABLE_STRICT_OBJC_MSGSEND = YES;
				ENABLE_TESTABILITY = YES;
				GCC_C_LANGUAGE_STANDARD = gnu99;
				GCC_DYNAMIC_NO_PIC = NO;
				GCC_NO_COMMON_BLOCKS = YES;
				GCC_OPTIMIZATION_LEVEL = 0;
				GCC_PREPROCESSOR_DEFINITIONS = (
					"DEBUG=1",
					"$(inherited)",
				);
				GCC_WARN_64_TO_32_BIT_CONVERSION = YES;
				GCC_WARN_ABOUT_RETURN_TYPE = YES_ERROR;
				GCC_WARN_UNDECLARED_SELECTOR = YES;
				GCC_WARN_UNINITIALIZED_AUTOS = YES_AGGRESSIVE;
				GCC_WARN_UNUSED_FUNCTION = YES;
				GCC_WARN_UNUSED_VARIABLE = YES;
				IPHONEOS_DEPLOYMENT_TARGET = 8.0;
				MTL_ENABLE_DEBUG_INFO = YES;
				ONLY_ACTIVE_ARCH = YES;
				SDKROOT = iphoneos;
			};
			name = Debug;
		};
		4027866E1D1D3B0800C32BDD /* Release */ = {
			isa = XCBuildConfiguration;
			buildSettings = {
				ALWAYS_SEARCH_USER_PATHS = NO;
				CLANG_ANALYZER_NONNULL = YES;
				CLANG_CXX_LANGUAGE_STANDARD = "gnu++0x";
				CLANG_CXX_LIBRARY = "libc++";
				CLANG_ENABLE_MODULES = YES;
				CLANG_ENABLE_OBJC_ARC = YES;
				CLANG_WARN_BOOL_CONVERSION = YES;
				CLANG_WARN_CONSTANT_CONVERSION = YES;
				CLANG_WARN_DIRECT_OBJC_ISA_USAGE = YES_ERROR;
				CLANG_WARN_EMPTY_BODY = YES;
				CLANG_WARN_ENUM_CONVERSION = YES;
				CLANG_WARN_INT_CONVERSION = YES;
				CLANG_WARN_OBJC_ROOT_CLASS = YES_ERROR;
				CLANG_WARN_UNREACHABLE_CODE = YES;
				CLANG_WARN__DUPLICATE_METHOD_MATCH = YES;
				"CODE_SIGN_IDENTITY[sdk=iphoneos*]" = "iPhone Developer";
				COPY_PHASE_STRIP = NO;
				DEBUG_INFORMATION_FORMAT = "dwarf-with-dsym";
				ENABLE_NS_ASSERTIONS = NO;
				ENABLE_STRICT_OBJC_MSGSEND = YES;
				GCC_C_LANGUAGE_STANDARD = gnu99;
				GCC_NO_COMMON_BLOCKS = YES;
				GCC_WARN_64_TO_32_BIT_CONVERSION = YES;
				GCC_WARN_ABOUT_RETURN_TYPE = YES_ERROR;
				GCC_WARN_UNDECLARED_SELECTOR = YES;
				GCC_WARN_UNINITIALIZED_AUTOS = YES_AGGRESSIVE;
				GCC_WARN_UNUSED_FUNCTION = YES;
				GCC_WARN_UNUSED_VARIABLE = YES;
				IPHONEOS_DEPLOYMENT_TARGET = 8.0;
				MTL_ENABLE_DEBUG_INFO = NO;
				SDKROOT = iphoneos;
				VALIDATE_PRODUCT = YES;
			};
			name = Release;
		};
		402786701D1D3B0800C32BDD /* Debug */ = {
			isa = XCBuildConfiguration;
			buildSettings = {
				ASSETCATALOG_COMPILER_APPICON_NAME = AppIcon;
				INFOPLIST_FILE = TagsViewController/Info.plist;
				LD_RUNPATH_SEARCH_PATHS = "$(inherited) @executable_path/Frameworks";
				PRODUCT_BUNDLE_IDENTIFIER = com.mingenesis.TagsViewController;
				PRODUCT_NAME = Example;
			};
			name = Debug;
		};
		402786711D1D3B0800C32BDD /* Release */ = {
			isa = XCBuildConfiguration;
			buildSettings = {
				ASSETCATALOG_COMPILER_APPICON_NAME = AppIcon;
				INFOPLIST_FILE = TagsViewController/Info.plist;
				LD_RUNPATH_SEARCH_PATHS = "$(inherited) @executable_path/Frameworks";
				PRODUCT_BUNDLE_IDENTIFIER = com.mingenesis.TagsViewController;
				PRODUCT_NAME = Example;
			};
			name = Release;
		};
/* End XCBuildConfiguration section */

/* Begin XCConfigurationList section */
		402786531D1D3B0800C32BDD /* Build configuration list for PBXProject "Example" */ = {
			isa = XCConfigurationList;
			buildConfigurations = (
				4027866D1D1D3B0800C32BDD /* Debug */,
				4027866E1D1D3B0800C32BDD /* Release */,
			);
			defaultConfigurationIsVisible = 0;
			defaultConfigurationName = Release;
		};
		4027866F1D1D3B0800C32BDD /* Build configuration list for PBXNativeTarget "TagsViewController" */ = {
			isa = XCConfigurationList;
			buildConfigurations = (
				402786701D1D3B0800C32BDD /* Debug */,
				402786711D1D3B0800C32BDD /* Release */,
			);
			defaultConfigurationIsVisible = 0;
			defaultConfigurationName = Release;
		};
/* End XCConfigurationList section */
	};
	rootObject = 402786501D1D3B0800C32BDD /* Project object */;
}
